// !$*UTF8*$!
{
	archiveVersion = 1;
	classes = {
	};
	objectVersion = 55;
	objects = {

/* Begin PBXBuildFile section */
		AD0E9ECB28A0901E0097FE3F /* AppDelegate.swift in Sources */ = {isa = PBXBuildFile; fileRef = AD0E9ECA28A0901E0097FE3F /* AppDelegate.swift */; };
		AD0E9ECD28A0901E0097FE3F /* SceneDelegate.swift in Sources */ = {isa = PBXBuildFile; fileRef = AD0E9ECC28A0901E0097FE3F /* SceneDelegate.swift */; };
		AD0E9ECF28A0901E0097FE3F /* ViewController.swift in Sources */ = {isa = PBXBuildFile; fileRef = AD0E9ECE28A0901E0097FE3F /* ViewController.swift */; };
		AD0E9ED228A0901E0097FE3F /* Main.storyboard in Resources */ = {isa = PBXBuildFile; fileRef = AD0E9ED028A0901E0097FE3F /* Main.storyboard */; };
		AD0E9ED428A0901F0097FE3F /* Assets.xcassets in Resources */ = {isa = PBXBuildFile; fileRef = AD0E9ED328A0901F0097FE3F /* Assets.xcassets */; };
		AD0E9ED728A0901F0097FE3F /* LaunchScreen.storyboard in Resources */ = {isa = PBXBuildFile; fileRef = AD0E9ED528A0901F0097FE3F /* LaunchScreen.storyboard */; };
		AD0E9EE028A0904B0097FE3F /* Alamofire in Frameworks */ = {isa = PBXBuildFile; productRef = AD0E9EDF28A0904B0097FE3F /* Alamofire */; };
		AD0E9EE328A0905A0097FE3F /* SwiftyJSON in Frameworks */ = {isa = PBXBuildFile; productRef = AD0E9EE228A0905A0097FE3F /* SwiftyJSON */; };
		AD0E9EE628A090670097FE3F /* Kingfisher in Frameworks */ = {isa = PBXBuildFile; productRef = AD0E9EE528A090670097FE3F /* Kingfisher */; };
		AD0E9EE828A090E00097FE3F /* .gitignore in Resources */ = {isa = PBXBuildFile; fileRef = AD0E9EE728A090E00097FE3F /* .gitignore */; };
		AD0E9EEA28A0910D0097FE3F /* APIKey.swift in Sources */ = {isa = PBXBuildFile; fileRef = AD0E9EE928A0910D0097FE3F /* APIKey.swift */; };
		AD0E9EED28A094AD0097FE3F /* EndPoint.swift in Sources */ = {isa = PBXBuildFile; fileRef = AD0E9EEC28A094AD0097FE3F /* EndPoint.swift */; };
		AD0E9EEF28A095370097FE3F /* URL+Extension.swift in Sources */ = {isa = PBXBuildFile; fileRef = AD0E9EEE28A095370097FE3F /* URL+Extension.swift */; };
		AD0E9EF128A0A7890097FE3F /* KakaoAPIManager.swift in Sources */ = {isa = PBXBuildFile; fileRef = AD0E9EF028A0A7890097FE3F /* KakaoAPIManager.swift */; };
		AD0E9EF328A0AC100097FE3F /* ClosureViewController.swift in Sources */ = {isa = PBXBuildFile; fileRef = AD0E9EF228A0AC100097FE3F /* ClosureViewController.swift */; };
		AD99E96628A5D6EE00A4F1AD /* YPImagePicker in Frameworks */ = {isa = PBXBuildFile; productRef = AD99E96528A5D6EE00A4F1AD /* YPImagePicker */; };
		AD99E96828A5DD1800A4F1AD /* CameraViewController.swift in Sources */ = {isa = PBXBuildFile; fileRef = AD99E96728A5DD1800A4F1AD /* CameraViewController.swift */; };
		ADB31BE228A1F37400D4BCE7 /* CardCollectionViewCell.swift in Sources */ = {isa = PBXBuildFile; fileRef = ADB31BE028A1F37400D4BCE7 /* CardCollectionViewCell.swift */; };
		ADB31BE328A1F37400D4BCE7 /* CardCollectionViewCell.xib in Resources */ = {isa = PBXBuildFile; fileRef = ADB31BE128A1F37400D4BCE7 /* CardCollectionViewCell.xib */; };
		ADB31BE528A1F64600D4BCE7 /* MainViewController.swift in Sources */ = {isa = PBXBuildFile; fileRef = ADB31BE428A1F64600D4BCE7 /* MainViewController.swift */; };
		ADB31BE728A1FC3000D4BCE7 /* MainTableViewCell.swift in Sources */ = {isa = PBXBuildFile; fileRef = ADB31BE628A1FC3000D4BCE7 /* MainTableViewCell.swift */; };
		ADD3C07B28A330860009A142 /* ReusableViewProtocol.swift in Sources */ = {isa = PBXBuildFile; fileRef = ADD3C07A28A330860009A142 /* ReusableViewProtocol.swift */; };
		ADD3C07D28A343DC0009A142 /* TMDBAPIManager.swift in Sources */ = {isa = PBXBuildFile; fileRef = ADD3C07C28A343DC0009A142 /* TMDBAPIManager.swift */; };
		ADE99B5A28A4939E0038EAB4 /* MapViewController.swift in Sources */ = {isa = PBXBuildFile; fileRef = ADE99B5928A4939E0038EAB4 /* MapViewController.swift */; };
		ADF90C5928A1E03800E425D3 /* SeSAcButton.swift in Sources */ = {isa = PBXBuildFile; fileRef = ADF90C5828A1E03800E425D3 /* SeSAcButton.swift */; };
		ADF90C5B28A1E60100E425D3 /* CardView.xib in Resources */ = {isa = PBXBuildFile; fileRef = ADF90C5A28A1E60100E425D3 /* CardView.xib */; };
		ADF90C5D28A1E64800E425D3 /* CardView.swift in Sources */ = {isa = PBXBuildFile; fileRef = ADF90C5C28A1E64800E425D3 /* CardView.swift */; };
/* End PBXBuildFile section */

/* Begin PBXFileReference section */
		AD0E9EC728A0901E0097FE3F /* SixthWeek.app */ = {isa = PBXFileReference; explicitFileType = wrapper.application; includeInIndex = 0; path = SixthWeek.app; sourceTree = BUILT_PRODUCTS_DIR; };
		AD0E9ECA28A0901E0097FE3F /* AppDelegate.swift */ = {isa = PBXFileReference; lastKnownFileType = sourcecode.swift; path = AppDelegate.swift; sourceTree = "<group>"; };
		AD0E9ECC28A0901E0097FE3F /* SceneDelegate.swift */ = {isa = PBXFileReference; lastKnownFileType = sourcecode.swift; path = SceneDelegate.swift; sourceTree = "<group>"; };
		AD0E9ECE28A0901E0097FE3F /* ViewController.swift */ = {isa = PBXFileReference; lastKnownFileType = sourcecode.swift; path = ViewController.swift; sourceTree = "<group>"; };
		AD0E9ED128A0901E0097FE3F /* Base */ = {isa = PBXFileReference; lastKnownFileType = file.storyboard; name = Base; path = Base.lproj/Main.storyboard; sourceTree = "<group>"; };
		AD0E9ED328A0901F0097FE3F /* Assets.xcassets */ = {isa = PBXFileReference; lastKnownFileType = folder.assetcatalog; path = Assets.xcassets; sourceTree = "<group>"; };
		AD0E9ED628A0901F0097FE3F /* Base */ = {isa = PBXFileReference; lastKnownFileType = file.storyboard; name = Base; path = Base.lproj/LaunchScreen.storyboard; sourceTree = "<group>"; };
		AD0E9ED828A0901F0097FE3F /* Info.plist */ = {isa = PBXFileReference; lastKnownFileType = text.plist.xml; path = Info.plist; sourceTree = "<group>"; };
		AD0E9EE728A090E00097FE3F /* .gitignore */ = {isa = PBXFileReference; lastKnownFileType = text; path = .gitignore; sourceTree = "<group>"; };
		AD0E9EE928A0910D0097FE3F /* APIKey.swift */ = {isa = PBXFileReference; lastKnownFileType = sourcecode.swift; path = APIKey.swift; sourceTree = "<group>"; };
		AD0E9EEC28A094AD0097FE3F /* EndPoint.swift */ = {isa = PBXFileReference; lastKnownFileType = sourcecode.swift; path = EndPoint.swift; sourceTree = "<group>"; };
		AD0E9EEE28A095370097FE3F /* URL+Extension.swift */ = {isa = PBXFileReference; lastKnownFileType = sourcecode.swift; path = "URL+Extension.swift"; sourceTree = "<group>"; };
		AD0E9EF028A0A7890097FE3F /* KakaoAPIManager.swift */ = {isa = PBXFileReference; lastKnownFileType = sourcecode.swift; path = KakaoAPIManager.swift; sourceTree = "<group>"; };
		AD0E9EF228A0AC100097FE3F /* ClosureViewController.swift */ = {isa = PBXFileReference; lastKnownFileType = sourcecode.swift; path = ClosureViewController.swift; sourceTree = "<group>"; };
		AD99E96728A5DD1800A4F1AD /* CameraViewController.swift */ = {isa = PBXFileReference; lastKnownFileType = sourcecode.swift; path = CameraViewController.swift; sourceTree = "<group>"; };
		ADB31BE028A1F37400D4BCE7 /* CardCollectionViewCell.swift */ = {isa = PBXFileReference; lastKnownFileType = sourcecode.swift; path = CardCollectionViewCell.swift; sourceTree = "<group>"; };
		ADB31BE128A1F37400D4BCE7 /* CardCollectionViewCell.xib */ = {isa = PBXFileReference; lastKnownFileType = file.xib; path = CardCollectionViewCell.xib; sourceTree = "<group>"; };
		ADB31BE428A1F64600D4BCE7 /* MainViewController.swift */ = {isa = PBXFileReference; lastKnownFileType = sourcecode.swift; path = MainViewController.swift; sourceTree = "<group>"; };
		ADB31BE628A1FC3000D4BCE7 /* MainTableViewCell.swift */ = {isa = PBXFileReference; lastKnownFileType = sourcecode.swift; path = MainTableViewCell.swift; sourceTree = "<group>"; };
		ADD3C07A28A330860009A142 /* ReusableViewProtocol.swift */ = {isa = PBXFileReference; lastKnownFileType = sourcecode.swift; path = ReusableViewProtocol.swift; sourceTree = "<group>"; };
		ADD3C07C28A343DC0009A142 /* TMDBAPIManager.swift */ = {isa = PBXFileReference; lastKnownFileType = sourcecode.swift; path = TMDBAPIManager.swift; sourceTree = "<group>"; };
		ADE99B5928A4939E0038EAB4 /* MapViewController.swift */ = {isa = PBXFileReference; lastKnownFileType = sourcecode.swift; path = MapViewController.swift; sourceTree = "<group>"; };
		ADF90C5828A1E03800E425D3 /* SeSAcButton.swift */ = {isa = PBXFileReference; lastKnownFileType = sourcecode.swift; name = SeSAcButton.swift; path = ../../../../../../01_Xcode/05_SeSAc/0808/SixthWeek/SixthWeek/View/SeSAcButton.swift; sourceTree = "<group>"; };
		ADF90C5A28A1E60100E425D3 /* CardView.xib */ = {isa = PBXFileReference; lastKnownFileType = file.xib; path = CardView.xib; sourceTree = "<group>"; };
		ADF90C5C28A1E64800E425D3 /* CardView.swift */ = {isa = PBXFileReference; lastKnownFileType = sourcecode.swift; path = CardView.swift; sourceTree = "<group>"; };
/* End PBXFileReference section */

/* Begin PBXFrameworksBuildPhase section */
		AD0E9EC428A0901E0097FE3F /* Frameworks */ = {
			isa = PBXFrameworksBuildPhase;
			buildActionMask = 2147483647;
			files = (
				AD0E9EE628A090670097FE3F /* Kingfisher in Frameworks */,
				AD0E9EE328A0905A0097FE3F /* SwiftyJSON in Frameworks */,
				AD0E9EE028A0904B0097FE3F /* Alamofire in Frameworks */,
				AD99E96628A5D6EE00A4F1AD /* YPImagePicker in Frameworks */,
			);
			runOnlyForDeploymentPostprocessing = 0;
		};
/* End PBXFrameworksBuildPhase section */

/* Begin PBXGroup section */
		AD0E9EBE28A0901E0097FE3F = {
			isa = PBXGroup;
			children = (
				AD0E9EE728A090E00097FE3F /* .gitignore */,
				AD0E9EC928A0901E0097FE3F /* SixthWeek */,
				AD0E9EC828A0901E0097FE3F /* Products */,
			);
			sourceTree = "<group>";
		};
		AD0E9EC828A0901E0097FE3F /* Products */ = {
			isa = PBXGroup;
			children = (
				AD0E9EC728A0901E0097FE3F /* SixthWeek.app */,
			);
			name = Products;
			sourceTree = "<group>";
		};
		AD0E9EC928A0901E0097FE3F /* SixthWeek */ = {
			isa = PBXGroup;
			children = (
				AD0E9ECA28A0901E0097FE3F /* AppDelegate.swift */,
				AD0E9ECC28A0901E0097FE3F /* SceneDelegate.swift */,
				ADD3C07928A330690009A142 /* Protocol */,
				AD0E9EEB28A0949E0097FE3F /* Network */,
				ADF90C5728A1DFEE00E425D3 /* View */,
				AD0E9ECE28A0901E0097FE3F /* ViewController.swift */,
				AD0E9EF228A0AC100097FE3F /* ClosureViewController.swift */,
				AD0E9ED328A0901F0097FE3F /* Assets.xcassets */,
				AD0E9ED528A0901F0097FE3F /* LaunchScreen.storyboard */,
				AD0E9ED828A0901F0097FE3F /* Info.plist */,
			);
			path = SixthWeek;
			sourceTree = "<group>";
		};
		AD0E9EEB28A0949E0097FE3F /* Network */ = {
			isa = PBXGroup;
			children = (
				AD0E9EE928A0910D0097FE3F /* APIKey.swift */,
				AD0E9EEC28A094AD0097FE3F /* EndPoint.swift */,
				AD0E9EEE28A095370097FE3F /* URL+Extension.swift */,
				AD0E9EF028A0A7890097FE3F /* KakaoAPIManager.swift */,
				ADD3C07C28A343DC0009A142 /* TMDBAPIManager.swift */,
			);
			path = Network;
			sourceTree = "<group>";
		};
		ADD3C07928A330690009A142 /* Protocol */ = {
			isa = PBXGroup;
			children = (
				ADD3C07A28A330860009A142 /* ReusableViewProtocol.swift */,
			);
			path = Protocol;
			sourceTree = "<group>";
		};
		ADF90C5728A1DFEE00E425D3 /* View */ = {
			isa = PBXGroup;
			children = (
				ADF90C5828A1E03800E425D3 /* SeSAcButton.swift */,
				ADF90C5A28A1E60100E425D3 /* CardView.xib */,
				ADF90C5C28A1E64800E425D3 /* CardView.swift */,
				ADB31BE128A1F37400D4BCE7 /* CardCollectionViewCell.xib */,
				ADB31BE028A1F37400D4BCE7 /* CardCollectionViewCell.swift */,
				AD0E9ED028A0901E0097FE3F /* Main.storyboard */,
				AD99E96728A5DD1800A4F1AD /* CameraViewController.swift */,
				ADE99B5928A4939E0038EAB4 /* MapViewController.swift */,
				ADB31BE428A1F64600D4BCE7 /* MainViewController.swift */,
				ADB31BE628A1FC3000D4BCE7 /* MainTableViewCell.swift */,
			);
			path = View;
			sourceTree = "<group>";
		};
/* End PBXGroup section */

/* Begin PBXNativeTarget section */
		AD0E9EC628A0901E0097FE3F /* SixthWeek */ = {
			isa = PBXNativeTarget;
			buildConfigurationList = AD0E9EDB28A0901F0097FE3F /* Build configuration list for PBXNativeTarget "SixthWeek" */;
			buildPhases = (
				AD0E9EC328A0901E0097FE3F /* Sources */,
				AD0E9EC428A0901E0097FE3F /* Frameworks */,
				AD0E9EC528A0901E0097FE3F /* Resources */,
			);
			buildRules = (
			);
			dependencies = (
			);
			name = SixthWeek;
			packageProductDependencies = (
				AD0E9EDF28A0904B0097FE3F /* Alamofire */,
				AD0E9EE228A0905A0097FE3F /* SwiftyJSON */,
				AD0E9EE528A090670097FE3F /* Kingfisher */,
				AD99E96528A5D6EE00A4F1AD /* YPImagePicker */,
			);
			productName = SixthWeek;
			productReference = AD0E9EC728A0901E0097FE3F /* SixthWeek.app */;
			productType = "com.apple.product-type.application";
		};
/* End PBXNativeTarget section */

/* Begin PBXProject section */
		AD0E9EBF28A0901E0097FE3F /* Project object */ = {
			isa = PBXProject;
			attributes = {
				BuildIndependentTargetsInParallel = 1;
				LastSwiftUpdateCheck = 1340;
				LastUpgradeCheck = 1340;
				TargetAttributes = {
					AD0E9EC628A0901E0097FE3F = {
						CreatedOnToolsVersion = 13.4.1;
					};
				};
			};
			buildConfigurationList = AD0E9EC228A0901E0097FE3F /* Build configuration list for PBXProject "SixthWeek" */;
			compatibilityVersion = "Xcode 13.0";
			developmentRegion = en;
			hasScannedForEncodings = 0;
			knownRegions = (
				en,
				Base,
			);
			mainGroup = AD0E9EBE28A0901E0097FE3F;
			packageReferences = (
				AD0E9EDE28A0904B0097FE3F /* XCRemoteSwiftPackageReference "Alamofire" */,
				AD0E9EE128A0905A0097FE3F /* XCRemoteSwiftPackageReference "SwiftyJSON" */,
				AD0E9EE428A090670097FE3F /* XCRemoteSwiftPackageReference "Kingfisher" */,
				AD99E96428A5D6EE00A4F1AD /* XCRemoteSwiftPackageReference "YPImagePicker" */,
			);
			productRefGroup = AD0E9EC828A0901E0097FE3F /* Products */;
			projectDirPath = "";
			projectRoot = "";
			targets = (
				AD0E9EC628A0901E0097FE3F /* SixthWeek */,
			);
		};
/* End PBXProject section */

/* Begin PBXResourcesBuildPhase section */
		AD0E9EC528A0901E0097FE3F /* Resources */ = {
			isa = PBXResourcesBuildPhase;
			buildActionMask = 2147483647;
			files = (
				AD0E9EE828A090E00097FE3F /* .gitignore in Resources */,
				AD0E9ED728A0901F0097FE3F /* LaunchScreen.storyboard in Resources */,
				ADF90C5B28A1E60100E425D3 /* CardView.xib in Resources */,
				AD0E9ED428A0901F0097FE3F /* Assets.xcassets in Resources */,
				ADB31BE328A1F37400D4BCE7 /* CardCollectionViewCell.xib in Resources */,
				AD0E9ED228A0901E0097FE3F /* Main.storyboard in Resources */,
			);
			runOnlyForDeploymentPostprocessing = 0;
		};
/* End PBXResourcesBuildPhase section */

/* Begin PBXSourcesBuildPhase section */
		AD0E9EC328A0901E0097FE3F /* Sources */ = {
			isa = PBXSourcesBuildPhase;
			buildActionMask = 2147483647;
			files = (
				ADB31BE728A1FC3000D4BCE7 /* MainTableViewCell.swift in Sources */,
				AD0E9ECF28A0901E0097FE3F /* ViewController.swift in Sources */,
				AD0E9ECB28A0901E0097FE3F /* AppDelegate.swift in Sources */,
				AD99E96828A5DD1800A4F1AD /* CameraViewController.swift in Sources */,
				AD0E9EF328A0AC100097FE3F /* ClosureViewController.swift in Sources */,
				ADB31BE528A1F64600D4BCE7 /* MainViewController.swift in Sources */,
				ADB31BE228A1F37400D4BCE7 /* CardCollectionViewCell.swift in Sources */,
				AD0E9EED28A094AD0097FE3F /* EndPoint.swift in Sources */,
				ADF90C5D28A1E64800E425D3 /* CardView.swift in Sources */,
				AD0E9EEA28A0910D0097FE3F /* APIKey.swift in Sources */,
				AD0E9EF128A0A7890097FE3F /* KakaoAPIManager.swift in Sources */,
				AD0E9ECD28A0901E0097FE3F /* SceneDelegate.swift in Sources */,
				ADD3C07B28A330860009A142 /* ReusableViewProtocol.swift in Sources */,
				ADF90C5928A1E03800E425D3 /* SeSAcButton.swift in Sources */,
				ADD3C07D28A343DC0009A142 /* TMDBAPIManager.swift in Sources */,
				AD0E9EEF28A095370097FE3F /* URL+Extension.swift in Sources */,
				ADE99B5A28A4939E0038EAB4 /* MapViewController.swift in Sources */,
			);
			runOnlyForDeploymentPostprocessing = 0;
		};
/* End PBXSourcesBuildPhase section */

/* Begin PBXVariantGroup section */
		AD0E9ED028A0901E0097FE3F /* Main.storyboard */ = {
			isa = PBXVariantGroup;
			children = (
				AD0E9ED128A0901E0097FE3F /* Base */,
			);
			name = Main.storyboard;
			sourceTree = "<group>";
		};
		AD0E9ED528A0901F0097FE3F /* LaunchScreen.storyboard */ = {
			isa = PBXVariantGroup;
			children = (
				AD0E9ED628A0901F0097FE3F /* Base */,
			);
			name = LaunchScreen.storyboard;
			sourceTree = "<group>";
		};
/* End PBXVariantGroup section */

/* Begin XCBuildConfiguration section */
		AD0E9ED928A0901F0097FE3F /* Debug */ = {
			isa = XCBuildConfiguration;
			buildSettings = {
				ALWAYS_SEARCH_USER_PATHS = NO;
				CLANG_ANALYZER_NONNULL = YES;
				CLANG_ANALYZER_NUMBER_OBJECT_CONVERSION = YES_AGGRESSIVE;
				CLANG_CXX_LANGUAGE_STANDARD = "gnu++17";
				CLANG_ENABLE_MODULES = YES;
				CLANG_ENABLE_OBJC_ARC = YES;
				CLANG_ENABLE_OBJC_WEAK = YES;
				CLANG_WARN_BLOCK_CAPTURE_AUTORELEASING = YES;
				CLANG_WARN_BOOL_CONVERSION = YES;
				CLANG_WARN_COMMA = YES;
				CLANG_WARN_CONSTANT_CONVERSION = YES;
				CLANG_WARN_DEPRECATED_OBJC_IMPLEMENTATIONS = YES;
				CLANG_WARN_DIRECT_OBJC_ISA_USAGE = YES_ERROR;
				CLANG_WARN_DOCUMENTATION_COMMENTS = YES;
				CLANG_WARN_EMPTY_BODY = YES;
				CLANG_WARN_ENUM_CONVERSION = YES;
				CLANG_WARN_INFINITE_RECURSION = YES;
				CLANG_WARN_INT_CONVERSION = YES;
				CLANG_WARN_NON_LITERAL_NULL_CONVERSION = YES;
				CLANG_WARN_OBJC_IMPLICIT_RETAIN_SELF = YES;
				CLANG_WARN_OBJC_LITERAL_CONVERSION = YES;
				CLANG_WARN_OBJC_ROOT_CLASS = YES_ERROR;
				CLANG_WARN_QUOTED_INCLUDE_IN_FRAMEWORK_HEADER = YES;
				CLANG_WARN_RANGE_LOOP_ANALYSIS = YES;
				CLANG_WARN_STRICT_PROTOTYPES = YES;
				CLANG_WARN_SUSPICIOUS_MOVE = YES;
				CLANG_WARN_UNGUARDED_AVAILABILITY = YES_AGGRESSIVE;
				CLANG_WARN_UNREACHABLE_CODE = YES;
				CLANG_WARN__DUPLICATE_METHOD_MATCH = YES;
				COPY_PHASE_STRIP = NO;
				DEBUG_INFORMATION_FORMAT = dwarf;
				ENABLE_STRICT_OBJC_MSGSEND = YES;
				ENABLE_TESTABILITY = YES;
				GCC_C_LANGUAGE_STANDARD = gnu11;
				GCC_DYNAMIC_NO_PIC = NO;
				GCC_NO_COMMON_BLOCKS = YES;
				GCC_OPTIMIZATION_LEVEL = 0;
				GCC_PREPROCESSOR_DEFINITIONS = (
					"DEBUG=1",
					"$(inherited)",
				);
				GCC_WARN_64_TO_32_BIT_CONVERSION = YES;
				GCC_WARN_ABOUT_RETURN_TYPE = YES_ERROR;
				GCC_WARN_UNDECLARED_SELECTOR = YES;
				GCC_WARN_UNINITIALIZED_AUTOS = YES_AGGRESSIVE;
				GCC_WARN_UNUSED_FUNCTION = YES;
				GCC_WARN_UNUSED_VARIABLE = YES;
				IPHONEOS_DEPLOYMENT_TARGET = 15.5;
				MTL_ENABLE_DEBUG_INFO = INCLUDE_SOURCE;
				MTL_FAST_MATH = YES;
				ONLY_ACTIVE_ARCH = YES;
				SDKROOT = iphoneos;
				SWIFT_ACTIVE_COMPILATION_CONDITIONS = DEBUG;
				SWIFT_OPTIMIZATION_LEVEL = "-Onone";
			};
			name = Debug;
		};
		AD0E9EDA28A0901F0097FE3F /* Release */ = {
			isa = XCBuildConfiguration;
			buildSettings = {
				ALWAYS_SEARCH_USER_PATHS = NO;
				CLANG_ANALYZER_NONNULL = YES;
				CLANG_ANALYZER_NUMBER_OBJECT_CONVERSION = YES_AGGRESSIVE;
				CLANG_CXX_LANGUAGE_STANDARD = "gnu++17";
				CLANG_ENABLE_MODULES = YES;
				CLANG_ENABLE_OBJC_ARC = YES;
				CLANG_ENABLE_OBJC_WEAK = YES;
				CLANG_WARN_BLOCK_CAPTURE_AUTORELEASING = YES;
				CLANG_WARN_BOOL_CONVERSION = YES;
				CLANG_WARN_COMMA = YES;
				CLANG_WARN_CONSTANT_CONVERSION = YES;
				CLANG_WARN_DEPRECATED_OBJC_IMPLEMENTATIONS = YES;
				CLANG_WARN_DIRECT_OBJC_ISA_USAGE = YES_ERROR;
				CLANG_WARN_DOCUMENTATION_COMMENTS = YES;
				CLANG_WARN_EMPTY_BODY = YES;
				CLANG_WARN_ENUM_CONVERSION = YES;
				CLANG_WARN_INFINITE_RECURSION = YES;
				CLANG_WARN_INT_CONVERSION = YES;
				CLANG_WARN_NON_LITERAL_NULL_CONVERSION = YES;
				CLANG_WARN_OBJC_IMPLICIT_RETAIN_SELF = YES;
				CLANG_WARN_OBJC_LITERAL_CONVERSION = YES;
				CLANG_WARN_OBJC_ROOT_CLASS = YES_ERROR;
				CLANG_WARN_QUOTED_INCLUDE_IN_FRAMEWORK_HEADER = YES;
				CLANG_WARN_RANGE_LOOP_ANALYSIS = YES;
				CLANG_WARN_STRICT_PROTOTYPES = YES;
				CLANG_WARN_SUSPICIOUS_MOVE = YES;
				CLANG_WARN_UNGUARDED_AVAILABILITY = YES_AGGRESSIVE;
				CLANG_WARN_UNREACHABLE_CODE = YES;
				CLANG_WARN__DUPLICATE_METHOD_MATCH = YES;
				COPY_PHASE_STRIP = NO;
				DEBUG_INFORMATION_FORMAT = "dwarf-with-dsym";
				ENABLE_NS_ASSERTIONS = NO;
				ENABLE_STRICT_OBJC_MSGSEND = YES;
				GCC_C_LANGUAGE_STANDARD = gnu11;
				GCC_NO_COMMON_BLOCKS = YES;
				GCC_WARN_64_TO_32_BIT_CONVERSION = YES;
				GCC_WARN_ABOUT_RETURN_TYPE = YES_ERROR;
				GCC_WARN_UNDECLARED_SELECTOR = YES;
				GCC_WARN_UNINITIALIZED_AUTOS = YES_AGGRESSIVE;
				GCC_WARN_UNUSED_FUNCTION = YES;
				GCC_WARN_UNUSED_VARIABLE = YES;
				IPHONEOS_DEPLOYMENT_TARGET = 15.5;
				MTL_ENABLE_DEBUG_INFO = NO;
				MTL_FAST_MATH = YES;
				SDKROOT = iphoneos;
				SWIFT_COMPILATION_MODE = wholemodule;
				SWIFT_OPTIMIZATION_LEVEL = "-O";
				VALIDATE_PRODUCT = YES;
			};
			name = Release;
		};
		AD0E9EDC28A0901F0097FE3F /* Debug */ = {
			isa = XCBuildConfiguration;
			buildSettings = {
				ASSETCATALOG_COMPILER_APPICON_NAME = AppIcon;
				ASSETCATALOG_COMPILER_GLOBAL_ACCENT_COLOR_NAME = AccentColor;
				CODE_SIGN_STYLE = Automatic;
				CURRENT_PROJECT_VERSION = 1;
				DEVELOPMENT_TEAM = DLA597KS3F;
				GENERATE_INFOPLIST_FILE = YES;
				INFOPLIST_FILE = SixthWeek/Info.plist;
				INFOPLIST_KEY_UIApplicationSupportsIndirectInputEvents = YES;
				INFOPLIST_KEY_UILaunchStoryboardName = LaunchScreen;
				INFOPLIST_KEY_UIMainStoryboardFile = Main;
				INFOPLIST_KEY_UISupportedInterfaceOrientations = UIInterfaceOrientationPortrait;
				INFOPLIST_KEY_UISupportedInterfaceOrientations_iPad = "UIInterfaceOrientationPortrait UIInterfaceOrientationPortraitUpsideDown UIInterfaceOrientationLandscapeLeft UIInterfaceOrientationLandscapeRight";
				INFOPLIST_KEY_UISupportedInterfaceOrientations_iPhone = UIInterfaceOrientationPortrait;
				LD_RUNPATH_SEARCH_PATHS = (
					"$(inherited)",
					"@executable_path/Frameworks",
				);
				MARKETING_VERSION = 1.0;
				PRODUCT_BUNDLE_IDENTIFIER = com.jhee.SixthWeek;
				PRODUCT_NAME = "$(TARGET_NAME)";
				SWIFT_EMIT_LOC_STRINGS = YES;
				SWIFT_VERSION = 5.0;
				TARGETED_DEVICE_FAMILY = 1;
			};
			name = Debug;
		};
		AD0E9EDD28A0901F0097FE3F /* Release */ = {
			isa = XCBuildConfiguration;
			buildSettings = {
				ASSETCATALOG_COMPILER_APPICON_NAME = AppIcon;
				ASSETCATALOG_COMPILER_GLOBAL_ACCENT_COLOR_NAME = AccentColor;
				CODE_SIGN_STYLE = Automatic;
				CURRENT_PROJECT_VERSION = 1;
				DEVELOPMENT_TEAM = DLA597KS3F;
				GENERATE_INFOPLIST_FILE = YES;
				INFOPLIST_FILE = SixthWeek/Info.plist;
				INFOPLIST_KEY_UIApplicationSupportsIndirectInputEvents = YES;
				INFOPLIST_KEY_UILaunchStoryboardName = LaunchScreen;
				INFOPLIST_KEY_UIMainStoryboardFile = Main;
				INFOPLIST_KEY_UISupportedInterfaceOrientations = UIInterfaceOrientationPortrait;
				INFOPLIST_KEY_UISupportedInterfaceOrientations_iPad = "UIInterfaceOrientationPortrait UIInterfaceOrientationPortraitUpsideDown UIInterfaceOrientationLandscapeLeft UIInterfaceOrientationLandscapeRight";
				INFOPLIST_KEY_UISupportedInterfaceOrientations_iPhone = UIInterfaceOrientationPortrait;
				LD_RUNPATH_SEARCH_PATHS = (
					"$(inherited)",
					"@executable_path/Frameworks",
				);
				MARKETING_VERSION = 1.0;
				PRODUCT_BUNDLE_IDENTIFIER = com.jhee.SixthWeek;
				PRODUCT_NAME = "$(TARGET_NAME)";
				SWIFT_EMIT_LOC_STRINGS = YES;
				SWIFT_VERSION = 5.0;
				TARGETED_DEVICE_FAMILY = 1;
			};
			name = Release;
		};
/* End XCBuildConfiguration section */

/* Begin XCConfigurationList section */
		AD0E9EC228A0901E0097FE3F /* Build configuration list for PBXProject "SixthWeek" */ = {
			isa = XCConfigurationList;
			buildConfigurations = (
				AD0E9ED928A0901F0097FE3F /* Debug */,
				AD0E9EDA28A0901F0097FE3F /* Release */,
			);
			defaultConfigurationIsVisible = 0;
			defaultConfigurationName = Release;
		};
		AD0E9EDB28A0901F0097FE3F /* Build configuration list for PBXNativeTarget "SixthWeek" */ = {
			isa = XCConfigurationList;
			buildConfigurations = (
				AD0E9EDC28A0901F0097FE3F /* Debug */,
				AD0E9EDD28A0901F0097FE3F /* Release */,
			);
			defaultConfigurationIsVisible = 0;
			defaultConfigurationName = Release;
		};
/* End XCConfigurationList section */

/* Begin XCRemoteSwiftPackageReference section */
		AD0E9EDE28A0904B0097FE3F /* XCRemoteSwiftPackageReference "Alamofire" */ = {
			isa = XCRemoteSwiftPackageReference;
			repositoryURL = "https://github.com/Alamofire/Alamofire.git";
			requirement = {
				kind = upToNextMajorVersion;
				minimumVersion = 5.0.0;
			};
		};
		AD0E9EE128A0905A0097FE3F /* XCRemoteSwiftPackageReference "SwiftyJSON" */ = {
			isa = XCRemoteSwiftPackageReference;
			repositoryURL = "https://github.com/SwiftyJSON/SwiftyJSON.git";
			requirement = {
				kind = upToNextMajorVersion;
				minimumVersion = 5.0.0;
			};
		};
		AD0E9EE428A090670097FE3F /* XCRemoteSwiftPackageReference "Kingfisher" */ = {
			isa = XCRemoteSwiftPackageReference;
			repositoryURL = "https://github.com/onevcat/Kingfisher.git";
			requirement = {
				kind = upToNextMajorVersion;
				minimumVersion = 7.0.0;
			};
		};
		AD99E96428A5D6EE00A4F1AD /* XCRemoteSwiftPackageReference "YPImagePicker" */ = {
			isa = XCRemoteSwiftPackageReference;
			repositoryURL = "https://github.com/Yummypets/YPImagePicker.git";
			requirement = {
				kind = upToNextMajorVersion;
				minimumVersion = 5.0.0;
			};
		};
/* End XCRemoteSwiftPackageReference section */

/* Begin XCSwiftPackageProductDependency section */
		AD0E9EDF28A0904B0097FE3F /* Alamofire */ = {
			isa = XCSwiftPackageProductDependency;
			package = AD0E9EDE28A0904B0097FE3F /* XCRemoteSwiftPackageReference "Alamofire" */;
			productName = Alamofire;
		};
		AD0E9EE228A0905A0097FE3F /* SwiftyJSON */ = {
			isa = XCSwiftPackageProductDependency;
			package = AD0E9EE128A0905A0097FE3F /* XCRemoteSwiftPackageReference "SwiftyJSON" */;
			productName = SwiftyJSON;
		};
		AD0E9EE528A090670097FE3F /* Kingfisher */ = {
			isa = XCSwiftPackageProductDependency;
			package = AD0E9EE428A090670097FE3F /* XCRemoteSwiftPackageReference "Kingfisher" */;
			productName = Kingfisher;
		};
		AD99E96528A5D6EE00A4F1AD /* YPImagePicker */ = {
			isa = XCSwiftPackageProductDependency;
			package = AD99E96428A5D6EE00A4F1AD /* XCRemoteSwiftPackageReference "YPImagePicker" */;
			productName = YPImagePicker;
		};
/* End XCSwiftPackageProductDependency section */
	};
	rootObject = AD0E9EBF28A0901E0097FE3F /* Project object */;
}
